
Microsoft Visual Studio Solution File, Format Version 12.00
# Visual Studio Version 16
VisualStudioVersion = 16.0.28917.182
MinimumVisualStudioVersion = 10.0.40219.1
Project("{FAE04EC0-301F-11D3-BF4B-00C04F79EFBC}") = "SportsStoreCore", "SportsStoreCore\SportsStoreCore.csproj", "{4EC80BD4-999C-4806-B382-0C2F8E7A0BE8}"
EndProject
Global
	GlobalSection(SolutionConfigurationPlatforms) = preSolution
		Debug|Any CPU = Debug|Any CPU
		Release|Any CPU = Release|Any CPU
	EndGlobalSection
	GlobalSection(ProjectConfigurationPlatforms) = postSolution
		{4EC80BD4-999C-4806-B382-0C2F8E7A0BE8}.Debug|Any CPU.ActiveCfg = Debug|Any CPU
		{4EC80BD4-999C-4806-B382-0C2F8E7A0BE8}.Debug|Any CPU.Build.0 = Debug|Any CPU
		{4EC80BD4-999C-4806-B382-0C2F8E7A0BE8}.Release|Any CPU.ActiveCfg = Release|Any CPU
		{4EC80BD4-999C-4806-B382-0C2F8E7A0BE8}.Release|Any CPU.Build.0 = Release|Any CPU
	EndGlobalSection
	GlobalSection(SolutionProperties) = preSolution
		HideSolutionNode = FALSE
	EndGlobalSection
	GlobalSection(ExtensibilityGlobals) = postSolution
		SolutionGuid = {F8432429-DFC0-41FE-8393-D5AEAC1E78F6}
	EndGlobalSection
EndGlobal
